
Microsoft Visual Studio Solution File, Format Version 11.00
# Visual Studio 2010
Project("{FAE04EC0-301F-11D3-BF4B-00C04F79EFBC}") = "FreightSystem", "Web\FreightSystem.csproj", "{615F0FFA-8929-4224-91DC-8AF0DFC2C369}"
EndProject
Global
	GlobalSection(SolutionConfigurationPlatforms) = preSolution
		Debug|Any CPU = Debug|Any CPU
		Release|Any CPU = Release|Any CPU
	EndGlobalSection
	GlobalSection(ProjectConfigurationPlatforms) = postSolution
		{615F0FFA-8929-4224-91DC-8AF0DFC2C369}.Debug|Any CPU.ActiveCfg = Debug|Any CPU
		{615F0FFA-8929-4224-91DC-8AF0DFC2C369}.Debug|Any CPU.Build.0 = Debug|Any CPU
		{615F0FFA-8929-4224-91DC-8AF0DFC2C369}.Release|Any CPU.ActiveCfg = Release|Any CPU
		{615F0FFA-8929-4224-91DC-8AF0DFC2C369}.Release|Any CPU.Build.0 = Release|Any CPU
	EndGlobalSection
	GlobalSection(SolutionProperties) = preSolution
		HideSolutionNode = FALSE
	EndGlobalSection
EndGlobal
